
Microsoft Visual Studio Solution File, Format Version 12.00
# Visual Studio Version 16
VisualStudioVersion = 16.0.31624.102
MinimumVisualStudioVersion = 10.0.40219.1
Project("{FAE04EC0-301F-11D3-BF4B-00C04F79EFBC}") = "ExpressionTree", "ExpressionTree\ExpressionTree.csproj", "{203769A6-0C94-48F1-A341-246BAF30AAE6}"
EndProject
Project("{FAE04EC0-301F-11D3-BF4B-00C04F79EFBC}") = "ExpressionTreeTest", "ExpressionTreeTest\ExpressionTreeTest.csproj", "{8EDF4429-251A-416D-BB68-93F227191BCF}"
EndProject
Global
	GlobalSection(SolutionConfigurationPlatforms) = preSolution
		Debug|Any CPU = Debug|Any CPU
		Release|Any CPU = Release|Any CPU
	EndGlobalSection
	GlobalSection(ProjectConfigurationPlatforms) = postSolution
		{203769A6-0C94-48F1-A341-246BAF30AAE6}.Debug|Any CPU.ActiveCfg = Debug|Any CPU
		{203769A6-0C94-48F1-A341-246BAF30AAE6}.Debug|Any CPU.Build.0 = Debug|Any CPU
		{203769A6-0C94-48F1-A341-246BAF30AAE6}.Release|Any CPU.ActiveCfg = Release|Any CPU
		{203769A6-0C94-48F1-A341-246BAF30AAE6}.Release|Any CPU.Build.0 = Release|Any CPU
		{8EDF4429-251A-416D-BB68-93F227191BCF}.Debug|Any CPU.ActiveCfg = Debug|Any CPU
		{8EDF4429-251A-416D-BB68-93F227191BCF}.Debug|Any CPU.Build.0 = Debug|Any CPU
		{8EDF4429-251A-416D-BB68-93F227191BCF}.Release|Any CPU.ActiveCfg = Release|Any CPU
		{8EDF4429-251A-416D-BB68-93F227191BCF}.Release|Any CPU.Build.0 = Release|Any CPU
	EndGlobalSection
	GlobalSection(SolutionProperties) = preSolution
		HideSolutionNode = FALSE
	EndGlobalSection
	GlobalSection(ExtensibilityGlobals) = postSolution
		SolutionGuid = {C6BA9818-79F1-4689-9013-0D05AFFA508A}
	EndGlobalSection
EndGlobal
