
Microsoft Visual Studio Solution File, Format Version 12.00
# Visual Studio Version 16
VisualStudioVersion = 16.0.31624.102
MinimumVisualStudioVersion = 10.0.40219.1
Project("{FAE04EC0-301F-11D3-BF4B-00C04F79EFBC}") = "09-RemoteControl", "09-RemoteControl\09-RemoteControl.csproj", "{B8B59647-F57E-4821-B56C-9CFC4922743D}"
EndProject
Global
	GlobalSection(SolutionConfigurationPlatforms) = preSolution
		Debug|Any CPU = Debug|Any CPU
		Release|Any CPU = Release|Any CPU
	EndGlobalSection
	GlobalSection(ProjectConfigurationPlatforms) = postSolution
		{B8B59647-F57E-4821-B56C-9CFC4922743D}.Debug|Any CPU.ActiveCfg = Debug|Any CPU
		{B8B59647-F57E-4821-B56C-9CFC4922743D}.Debug|Any CPU.Build.0 = Debug|Any CPU
		{B8B59647-F57E-4821-B56C-9CFC4922743D}.Release|Any CPU.ActiveCfg = Release|Any CPU
		{B8B59647-F57E-4821-B56C-9CFC4922743D}.Release|Any CPU.Build.0 = Release|Any CPU
	EndGlobalSection
	GlobalSection(SolutionProperties) = preSolution
		HideSolutionNode = FALSE
	EndGlobalSection
	GlobalSection(ExtensibilityGlobals) = postSolution
		SolutionGuid = {3FAEE078-1EA1-46FC-8BFD-413EB7711508}
	EndGlobalSection
EndGlobal
