
Microsoft Visual Studio Solution File, Format Version 12.00
# Visual Studio Version 16
VisualStudioVersion = 16.0.31624.102
MinimumVisualStudioVersion = 10.0.40219.1
Project("{FAE04EC0-301F-11D3-BF4B-00C04F79EFBC}") = "HelloWorld", "HelloWorld\HelloWorld.csproj", "{16FBA0D2-3B01-4F52-A307-E4F350308D9F}"
EndProject
Project("{FAE04EC0-301F-11D3-BF4B-00C04F79EFBC}") = "HelloWorldTests", "HelloWorldTests\HelloWorldTests.csproj", "{8EDF4429-251A-416D-BB68-93F227191BCF}"
EndProject
Project("{FAE04EC0-301F-11D3-BF4B-00C04F79EFBC}") = "HelloWorldFileStream", "HelloWorldFileStream\HelloWorldFileStream.csproj", "{996C55FB-2162-4403-824D-D1694D945E0F}"
EndProject
Project("{2150E333-8FDC-42A3-9474-1A3956D46DE8}") = "Solution Items", "Solution Items", "{A4B0B546-96EB-41B5-8104-02DC37853D59}"
	ProjectSection(SolutionItems) = preProject
		.editorconfig = .editorconfig
	EndProjectSection
EndProject
Project("{FAE04EC0-301F-11D3-BF4B-00C04F79EFBC}") = "StreamUtil", "StreamUtil\StreamUtil.csproj", "{352187AA-CD0E-47FB-8E7C-18E29A158256}"
EndProject
Project("{FAE04EC0-301F-11D3-BF4B-00C04F79EFBC}") = "DLLwithStreamsDemo", "DLLwithStreamsDemo\DLLwithStreamsDemo.csproj", "{17713BB8-F82A-40DB-9508-E286A933259A}"
EndProject
Global
	GlobalSection(SolutionConfigurationPlatforms) = preSolution
		Debug|Any CPU = Debug|Any CPU
		Release|Any CPU = Release|Any CPU
	EndGlobalSection
	GlobalSection(ProjectConfigurationPlatforms) = postSolution
		{16FBA0D2-3B01-4F52-A307-E4F350308D9F}.Debug|Any CPU.ActiveCfg = Debug|Any CPU
		{16FBA0D2-3B01-4F52-A307-E4F350308D9F}.Debug|Any CPU.Build.0 = Debug|Any CPU
		{16FBA0D2-3B01-4F52-A307-E4F350308D9F}.Release|Any CPU.ActiveCfg = Release|Any CPU
		{16FBA0D2-3B01-4F52-A307-E4F350308D9F}.Release|Any CPU.Build.0 = Release|Any CPU
		{8EDF4429-251A-416D-BB68-93F227191BCF}.Debug|Any CPU.ActiveCfg = Debug|Any CPU
		{8EDF4429-251A-416D-BB68-93F227191BCF}.Debug|Any CPU.Build.0 = Debug|Any CPU
		{8EDF4429-251A-416D-BB68-93F227191BCF}.Release|Any CPU.ActiveCfg = Release|Any CPU
		{8EDF4429-251A-416D-BB68-93F227191BCF}.Release|Any CPU.Build.0 = Release|Any CPU
		{996C55FB-2162-4403-824D-D1694D945E0F}.Debug|Any CPU.ActiveCfg = Debug|Any CPU
		{996C55FB-2162-4403-824D-D1694D945E0F}.Debug|Any CPU.Build.0 = Debug|Any CPU
		{996C55FB-2162-4403-824D-D1694D945E0F}.Release|Any CPU.ActiveCfg = Release|Any CPU
		{996C55FB-2162-4403-824D-D1694D945E0F}.Release|Any CPU.Build.0 = Release|Any CPU
		{352187AA-CD0E-47FB-8E7C-18E29A158256}.Debug|Any CPU.ActiveCfg = Debug|Any CPU
		{352187AA-CD0E-47FB-8E7C-18E29A158256}.Debug|Any CPU.Build.0 = Debug|Any CPU
		{352187AA-CD0E-47FB-8E7C-18E29A158256}.Release|Any CPU.ActiveCfg = Release|Any CPU
		{352187AA-CD0E-47FB-8E7C-18E29A158256}.Release|Any CPU.Build.0 = Release|Any CPU
		{17713BB8-F82A-40DB-9508-E286A933259A}.Debug|Any CPU.ActiveCfg = Debug|Any CPU
		{17713BB8-F82A-40DB-9508-E286A933259A}.Debug|Any CPU.Build.0 = Debug|Any CPU
		{17713BB8-F82A-40DB-9508-E286A933259A}.Release|Any CPU.ActiveCfg = Release|Any CPU
		{17713BB8-F82A-40DB-9508-E286A933259A}.Release|Any CPU.Build.0 = Release|Any CPU
	EndGlobalSection
	GlobalSection(SolutionProperties) = preSolution
		HideSolutionNode = FALSE
	EndGlobalSection
	GlobalSection(ExtensibilityGlobals) = postSolution
		SolutionGuid = {70568BD2-17F2-46CC-A0FC-1335C80642F4}
	EndGlobalSection
EndGlobal
