
Microsoft Visual Studio Solution File, Format Version 12.00
# Visual Studio Version 16
VisualStudioVersion = 16.0.31613.86
MinimumVisualStudioVersion = 10.0.40219.1
Project("{FAE04EC0-301F-11D3-BF4B-00C04F79EFBC}") = "01-HelloWorld", "01-HelloWorld\01-HelloWorld.csproj", "{4FE8CAEE-E7DB-4B4D-8A76-3A99236ABD95}"
EndProject
Global
	GlobalSection(SolutionConfigurationPlatforms) = preSolution
		Debug|Any CPU = Debug|Any CPU
		Release|Any CPU = Release|Any CPU
	EndGlobalSection
	GlobalSection(ProjectConfigurationPlatforms) = postSolution
		{4FE8CAEE-E7DB-4B4D-8A76-3A99236ABD95}.Debug|Any CPU.ActiveCfg = Debug|Any CPU
		{4FE8CAEE-E7DB-4B4D-8A76-3A99236ABD95}.Debug|Any CPU.Build.0 = Debug|Any CPU
		{4FE8CAEE-E7DB-4B4D-8A76-3A99236ABD95}.Release|Any CPU.ActiveCfg = Release|Any CPU
		{4FE8CAEE-E7DB-4B4D-8A76-3A99236ABD95}.Release|Any CPU.Build.0 = Release|Any CPU
	EndGlobalSection
	GlobalSection(SolutionProperties) = preSolution
		HideSolutionNode = FALSE
	EndGlobalSection
	GlobalSection(ExtensibilityGlobals) = postSolution
		SolutionGuid = {06F6C051-3726-4370-9585-DD46DA3554D8}
	EndGlobalSection
EndGlobal
